
Microsoft Visual Studio Solution File, Format Version 12.00
# Visual Studio 15
VisualStudioVersion = 15.0.28010.2046
MinimumVisualStudioVersion = 10.0.40219.1
Project("{888888A0-9F3D-457C-B088-3A5042F75D52}") = "DotDjango", "DotDjango\DotDjango.pyproj", "{2C3E5D9B-771B-4A3D-A660-B4ED0867FD2D}"
EndProject
Global
	GlobalSection(SolutionConfigurationPlatforms) = preSolution
		Debug|Any CPU = Debug|Any CPU
		Release|Any CPU = Release|Any CPU
	EndGlobalSection
	GlobalSection(ProjectConfigurationPlatforms) = postSolution
		{2C3E5D9B-771B-4A3D-A660-B4ED0867FD2D}.Debug|Any CPU.ActiveCfg = Debug|Any CPU
		{2C3E5D9B-771B-4A3D-A660-B4ED0867FD2D}.Debug|Any CPU.Build.0 = Debug|Any CPU
		{2C3E5D9B-771B-4A3D-A660-B4ED0867FD2D}.Release|Any CPU.ActiveCfg = Release|Any CPU
		{2C3E5D9B-771B-4A3D-A660-B4ED0867FD2D}.Release|Any CPU.Build.0 = Release|Any CPU
	EndGlobalSection
	GlobalSection(SolutionProperties) = preSolution
		HideSolutionNode = FALSE
	EndGlobalSection
	GlobalSection(ExtensibilityGlobals) = postSolution
		SolutionGuid = {995FC131-4F7F-49CF-8206-E9B31DD5AB44}
	EndGlobalSection
EndGlobal
